
Microsoft Visual Studio Solution File, Format Version 12.00
# Visual Studio Version 16
VisualStudioVersion = 16.0.30330.147
MinimumVisualStudioVersion = 10.0.40219.1
Project("{FAE04EC0-301F-11D3-BF4B-00C04F79EFBC}") = "Client", "Client\Client.csproj", "{AEAA65B9-DFCD-49FC-B2C9-4E203F8CDC12}"
EndProject
Project("{FAE04EC0-301F-11D3-BF4B-00C04F79EFBC}") = "Server", "Server\Server.csproj", "{F9E3667C-3A2F-457D-B1EA-BF1276ADF86D}"
EndProject
Global
	GlobalSection(SolutionConfigurationPlatforms) = preSolution
		Debug|Any CPU = Debug|Any CPU
		Release|Any CPU = Release|Any CPU
	EndGlobalSection
	GlobalSection(ProjectConfigurationPlatforms) = postSolution
		{AEAA65B9-DFCD-49FC-B2C9-4E203F8CDC12}.Debug|Any CPU.ActiveCfg = Debug|Any CPU
		{AEAA65B9-DFCD-49FC-B2C9-4E203F8CDC12}.Debug|Any CPU.Build.0 = Debug|Any CPU
		{AEAA65B9-DFCD-49FC-B2C9-4E203F8CDC12}.Release|Any CPU.ActiveCfg = Release|Any CPU
		{AEAA65B9-DFCD-49FC-B2C9-4E203F8CDC12}.Release|Any CPU.Build.0 = Release|Any CPU
		{F9E3667C-3A2F-457D-B1EA-BF1276ADF86D}.Debug|Any CPU.ActiveCfg = Debug|Any CPU
		{F9E3667C-3A2F-457D-B1EA-BF1276ADF86D}.Debug|Any CPU.Build.0 = Debug|Any CPU
		{F9E3667C-3A2F-457D-B1EA-BF1276ADF86D}.Release|Any CPU.ActiveCfg = Release|Any CPU
		{F9E3667C-3A2F-457D-B1EA-BF1276ADF86D}.Release|Any CPU.Build.0 = Release|Any CPU
	EndGlobalSection
	GlobalSection(SolutionProperties) = preSolution
		HideSolutionNode = FALSE
	EndGlobalSection
	GlobalSection(ExtensibilityGlobals) = postSolution
		SolutionGuid = {F892991E-FDCE-4A4A-B4A6-563267471150}
	EndGlobalSection
EndGlobal
